// !$*UTF8*$!
{
	archiveVersion = 1;
	classes = {
	};
	objectVersion = 51;
	objects = {

/* Begin PBXBuildFile section */
		6A0A216825AAC158009D56DE /* NoteNetworkingManager.swift in Sources */ = {isa = PBXBuildFile; fileRef = 6A0A216725AAC158009D56DE /* NoteNetworkingManager.swift */; };
		6A0A216C25AAC190009D56DE /* PhotoNote.swift in Sources */ = {isa = PBXBuildFile; fileRef = 6A0A216B25AAC190009D56DE /* PhotoNote.swift */; };
		6A343C7B25735C7000146AAF /* Observable.swift in Sources */ = {isa = PBXBuildFile; fileRef = 6A343C7A25735C7000146AAF /* Observable.swift */; };
		6A343C8025735C8C00146AAF /* TagManagementCellViewModel.swift in Sources */ = {isa = PBXBuildFile; fileRef = 6A343C7F25735C8C00146AAF /* TagManagementCellViewModel.swift */; };
		6A4AD139258A58C200857FEC /* TagManagementViewController.swift in Sources */ = {isa = PBXBuildFile; fileRef = 6A6825212548053F00B19C9A /* TagManagementViewController.swift */; };
		6A4AD13D258A58D800857FEC /* Observable.swift in Sources */ = {isa = PBXBuildFile; fileRef = 6A343C7A25735C7000146AAF /* Observable.swift */; };
		6A4AD141258A59C200857FEC /* TagManagementTableViewDataSource.swift in Sources */ = {isa = PBXBuildFile; fileRef = 6A63BA19255C1ED40096A0F7 /* TagManagementTableViewDataSource.swift */; };
		6A4AD145258A59C600857FEC /* TagManagementTableViewDelegate.swift in Sources */ = {isa = PBXBuildFile; fileRef = 6A63BA2B255C2F210096A0F7 /* TagManagementTableViewDelegate.swift */; };
		6A4AD149258A59CA00857FEC /* TagCoordinator.swift in Sources */ = {isa = PBXBuildFile; fileRef = 6AB83AF325442B370065B698 /* TagCoordinator.swift */; };
		6A4AD14D258A59D100857FEC /* TagManagementView.swift in Sources */ = {isa = PBXBuildFile; fileRef = 6AAE726D2555997D00CF7F9F /* TagManagementView.swift */; };
		6A4AD151258A59F900857FEC /* TagManagementTableViewCell.swift in Sources */ = {isa = PBXBuildFile; fileRef = 6A7C054C255B93A000037184 /* TagManagementTableViewCell.swift */; };
		6A4AD155258A59FF00857FEC /* UseCase.swift in Sources */ = {isa = PBXBuildFile; fileRef = 6AD3ED6625519FE900F8EF61 /* UseCase.swift */; };
		6A4AD159258A5A0200857FEC /* Endpoint.swift in Sources */ = {isa = PBXBuildFile; fileRef = 6AA9BD6D254EA0ED00126749 /* Endpoint.swift */; };
		6A4AD15D258A5A1300857FEC /* NetworkManager.swift in Sources */ = {isa = PBXBuildFile; fileRef = 6AD3ED6125519F9E00F8EF61 /* NetworkManager.swift */; };
		6A4AD161258A5A1800857FEC /* HTTPMethod.swift in Sources */ = {isa = PBXBuildFile; fileRef = 6AD3ED6B2551A09900F8EF61 /* HTTPMethod.swift */; };
		6A4AD165258A5A1D00857FEC /* NetworkError.swift in Sources */ = {isa = PBXBuildFile; fileRef = 6AD3ED702551A0B400F8EF61 /* NetworkError.swift */; };
		6A4AD169258A5A2F00857FEC /* ContentViewWithHeader.swift in Sources */ = {isa = PBXBuildFile; fileRef = 6A554504255AE449003F3864 /* ContentViewWithHeader.swift */; };
		6A4AD16D258A5A5300857FEC /* ContentView.swift in Sources */ = {isa = PBXBuildFile; fileRef = 6A5544DB2559B3BB003F3864 /* ContentView.swift */; };
		6A4AD171258A5A6800857FEC /* LayoutGuideCompatible.swift in Sources */ = {isa = PBXBuildFile; fileRef = 6A6825322548384700B19C9A /* LayoutGuideCompatible.swift */; };
		6A4AD175258A5A6D00857FEC /* Shadow.swift in Sources */ = {isa = PBXBuildFile; fileRef = 6A68254F25497B7200B19C9A /* Shadow.swift */; };
		6A4AD179258A5AA100857FEC /* ChildCoordinator.swift in Sources */ = {isa = PBXBuildFile; fileRef = 6A89B9D1255473C9003E1027 /* ChildCoordinator.swift */; };
		6A4AD17D258A5ACF00857FEC /* NotificationName.swift in Sources */ = {isa = PBXBuildFile; fileRef = 6AAB872125849A1B00D1F3B1 /* NotificationName.swift */; };
		6A4AD181258A5AD400857FEC /* URLRequest.swift in Sources */ = {isa = PBXBuildFile; fileRef = 6AD3ED5C25519F5700F8EF61 /* URLRequest.swift */; };
		6A4AD185258A5AD700857FEC /* UISwipeGestureRecognizer.swift in Sources */ = {isa = PBXBuildFile; fileRef = 6AE1245D256830A300291388 /* UISwipeGestureRecognizer.swift */; };
		6A4AD189258A5AD900857FEC /* UsesAutoLayout.swift in Sources */ = {isa = PBXBuildFile; fileRef = 6A57CAEE255ED33600E42348 /* UsesAutoLayout.swift */; };
		6A4AD18D258A5ADB00857FEC /* UIColor.swift in Sources */ = {isa = PBXBuildFile; fileRef = 6A5544C825599CDF003F3864 /* UIColor.swift */; };
		6A4AD191258A5ADD00857FEC /* UIView.swift in Sources */ = {isa = PBXBuildFile; fileRef = 6A7C0584255C086200037184 /* UIView.swift */; };
		6A4AD195258A5AE000857FEC /* CGFloat.swift in Sources */ = {isa = PBXBuildFile; fileRef = 6A7C057F255C081400037184 /* CGFloat.swift */; };
		6A4AD199258A5AE200857FEC /* UIImage.swift in Sources */ = {isa = PBXBuildFile; fileRef = 6A7C0575255C033300037184 /* UIImage.swift */; };
		6A4AD19D258A5AE400857FEC /* NSObject.swift in Sources */ = {isa = PBXBuildFile; fileRef = 6A7C0570255C029E00037184 /* NSObject.swift */; };
		6A4AD1A1258A5AE700857FEC /* UITableView.swift in Sources */ = {isa = PBXBuildFile; fileRef = 6A63BA11255C0AD10096A0F7 /* UITableView.swift */; };
		6A4AD1A5258A5AEA00857FEC /* UICollectionView.swift in Sources */ = {isa = PBXBuildFile; fileRef = 6A7C056B255C022200037184 /* UICollectionView.swift */; };
		6A4AD1A9258A5AF300857FEC /* Coordinator.swift in Sources */ = {isa = PBXBuildFile; fileRef = 6AB83ADF2542B4340065B698 /* Coordinator.swift */; };
		6A4AD1AD258A5AF800857FEC /* AppViewControllersFactory.swift in Sources */ = {isa = PBXBuildFile; fileRef = 6A682538254854E200B19C9A /* AppViewControllersFactory.swift */; };
		6A4AD1B1258A5B0200857FEC /* LoginViewController.swift in Sources */ = {isa = PBXBuildFile; fileRef = 6AFE3C04253EDF3200B385AC /* LoginViewController.swift */; };
		6A4AD1B8258A5B0C00857FEC /* TagManagementViewModel.swift in Sources */ = {isa = PBXBuildFile; fileRef = 6A976A2C256D6EE900B27915 /* TagManagementViewModel.swift */; };
		6A4AD1BC258A5B1700857FEC /* AppCoordinator.swift in Sources */ = {isa = PBXBuildFile; fileRef = 6A4F23E92546E2AC00577718 /* AppCoordinator.swift */; };
		6A4AD1C0258A5B1A00857FEC /* TagCategoryViewController.swift in Sources */ = {isa = PBXBuildFile; fileRef = 6AB83AF825442C030065B698 /* TagCategoryViewController.swift */; };
		6A4AD1C4258A5B1E00857FEC /* PhotoNoteCoordinator.swift in Sources */ = {isa = PBXBuildFile; fileRef = 6A89B9B125546444003E1027 /* PhotoNoteCoordinator.swift */; };
		6A4AD1C8258A5B2200857FEC /* PhotoNoteListViewController.swift in Sources */ = {isa = PBXBuildFile; fileRef = 6A4F23F62546EC8A00577718 /* PhotoNoteListViewController.swift */; };
		6A4AD1CC258A5B2C00857FEC /* SelectPhotoViewController.swift in Sources */ = {isa = PBXBuildFile; fileRef = 6A89B9E2255496F9003E1027 /* SelectPhotoViewController.swift */; };
		6A4AD1D8258A5B3A00857FEC /* SearchViewController.swift in Sources */ = {isa = PBXBuildFile; fileRef = 6A89B9BE25547088003E1027 /* SearchViewController.swift */; };
		6A4AD1DC258A5B3E00857FEC /* SelectPeriodViewController.swift in Sources */ = {isa = PBXBuildFile; fileRef = 6A89B9F125549807003E1027 /* SelectPeriodViewController.swift */; };
		6A4AD1E0258A5B4500857FEC /* SearchCoordinator.swift in Sources */ = {isa = PBXBuildFile; fileRef = 6A89B9B625546463003E1027 /* SearchCoordinator.swift */; };
		6A4AD1E4258A5B5000857FEC /* PhotoNoteListView.swift in Sources */ = {isa = PBXBuildFile; fileRef = 6A5544F0255A75F4003F3864 /* PhotoNoteListView.swift */; };
		6A4AD1E8258A5B6600857FEC /* TagCategoryView.swift in Sources */ = {isa = PBXBuildFile; fileRef = 6AAE725D2555988B00CF7F9F /* TagCategoryView.swift */; };
		6A4AD1EC258A5B7400857FEC /* TagCategoryCollectionViewCell.swift in Sources */ = {isa = PBXBuildFile; fileRef = 6A5544FD255AD575003F3864 /* TagCategoryCollectionViewCell.swift */; };
		6A4AD1F0258A5B8600857FEC /* TagCategoryCollectionViewDataSource.swift in Sources */ = {isa = PBXBuildFile; fileRef = 6A63BA1E255C1F450096A0F7 /* TagCategoryCollectionViewDataSource.swift */; };
		6A4AD1F4258A5B8A00857FEC /* TagManagementCellViewModel.swift in Sources */ = {isa = PBXBuildFile; fileRef = 6A343C7F25735C8C00146AAF /* TagManagementCellViewModel.swift */; };
		6A4AD1F8258A5B9200857FEC /* LoginManager.swift in Sources */ = {isa = PBXBuildFile; fileRef = 6AA9BD64254E93C200126749 /* LoginManager.swift */; };
		6A4AD1FC258A5B9800857FEC /* LoginView.swift in Sources */ = {isa = PBXBuildFile; fileRef = 6A68254325485DA300B19C9A /* LoginView.swift */; };
		6A4DB69E258A6F5100B3A481 /* TagNetworkingManager.swift in Sources */ = {isa = PBXBuildFile; fileRef = 6A761E3C258A65F000E0E0F4 /* TagNetworkingManager.swift */; };
		6A4F23EA2546E2AC00577718 /* AppCoordinator.swift in Sources */ = {isa = PBXBuildFile; fileRef = 6A4F23E92546E2AC00577718 /* AppCoordinator.swift */; };
		6A4F23F72546EC8A00577718 /* PhotoNoteListViewController.swift in Sources */ = {isa = PBXBuildFile; fileRef = 6A4F23F62546EC8A00577718 /* PhotoNoteListViewController.swift */; };
		6A5544C925599CDF003F3864 /* UIColor.swift in Sources */ = {isa = PBXBuildFile; fileRef = 6A5544C825599CDF003F3864 /* UIColor.swift */; };
		6A5544DC2559B3BB003F3864 /* ContentView.swift in Sources */ = {isa = PBXBuildFile; fileRef = 6A5544DB2559B3BB003F3864 /* ContentView.swift */; };
		6A5544E42559B3CA003F3864 /* ScrollableContentViewWithHeader.swift in Sources */ = {isa = PBXBuildFile; fileRef = 6A5544E32559B3CA003F3864 /* ScrollableContentViewWithHeader.swift */; };
		6A5544F1255A75F4003F3864 /* PhotoNoteListView.swift in Sources */ = {isa = PBXBuildFile; fileRef = 6A5544F0255A75F4003F3864 /* PhotoNoteListView.swift */; };
		6A5544FF255AD575003F3864 /* TagCategoryCollectionViewCell.swift in Sources */ = {isa = PBXBuildFile; fileRef = 6A5544FD255AD575003F3864 /* TagCategoryCollectionViewCell.swift */; };
		6A554500255AD575003F3864 /* TagCategoryCollectionViewCell.xib in Resources */ = {isa = PBXBuildFile; fileRef = 6A5544FE255AD575003F3864 /* TagCategoryCollectionViewCell.xib */; };
		6A554505255AE449003F3864 /* ContentViewWithHeader.swift in Sources */ = {isa = PBXBuildFile; fileRef = 6A554504255AE449003F3864 /* ContentViewWithHeader.swift */; };
		6A57CAEF255ED33600E42348 /* UsesAutoLayout.swift in Sources */ = {isa = PBXBuildFile; fileRef = 6A57CAEE255ED33600E42348 /* UsesAutoLayout.swift */; };
		6A63BA12255C0AD10096A0F7 /* UITableView.swift in Sources */ = {isa = PBXBuildFile; fileRef = 6A63BA11255C0AD10096A0F7 /* UITableView.swift */; };
		6A63BA1A255C1ED40096A0F7 /* TagManagementTableViewDataSource.swift in Sources */ = {isa = PBXBuildFile; fileRef = 6A63BA19255C1ED40096A0F7 /* TagManagementTableViewDataSource.swift */; };
		6A63BA1F255C1F450096A0F7 /* TagCategoryCollectionViewDataSource.swift in Sources */ = {isa = PBXBuildFile; fileRef = 6A63BA1E255C1F450096A0F7 /* TagCategoryCollectionViewDataSource.swift */; };
		6A63BA2C255C2F210096A0F7 /* TagManagementTableViewDelegate.swift in Sources */ = {isa = PBXBuildFile; fileRef = 6A63BA2B255C2F210096A0F7 /* TagManagementTableViewDelegate.swift */; };
		6A6825222548053F00B19C9A /* TagManagementViewController.swift in Sources */ = {isa = PBXBuildFile; fileRef = 6A6825212548053F00B19C9A /* TagManagementViewController.swift */; };
		6A6825332548384700B19C9A /* LayoutGuideCompatible.swift in Sources */ = {isa = PBXBuildFile; fileRef = 6A6825322548384700B19C9A /* LayoutGuideCompatible.swift */; };
		6A682539254854E200B19C9A /* AppViewControllersFactory.swift in Sources */ = {isa = PBXBuildFile; fileRef = 6A682538254854E200B19C9A /* AppViewControllersFactory.swift */; };
		6A68254425485DA300B19C9A /* LoginView.swift in Sources */ = {isa = PBXBuildFile; fileRef = 6A68254325485DA300B19C9A /* LoginView.swift */; };
		6A68255025497B7200B19C9A /* Shadow.swift in Sources */ = {isa = PBXBuildFile; fileRef = 6A68254F25497B7200B19C9A /* Shadow.swift */; };
		6A761E3D258A65F000E0E0F4 /* TagNetworkingManager.swift in Sources */ = {isa = PBXBuildFile; fileRef = 6A761E3C258A65F000E0E0F4 /* TagNetworkingManager.swift */; };
		6A7BB41A25A0B111009D7F51 /* NoteViewController.swift in Sources */ = {isa = PBXBuildFile; fileRef = 6A7BB41825A0B111009D7F51 /* NoteViewController.swift */; };
		6A7C054E255B93A000037184 /* TagManagementTableViewCell.swift in Sources */ = {isa = PBXBuildFile; fileRef = 6A7C054C255B93A000037184 /* TagManagementTableViewCell.swift */; };
		6A7C054F255B93A000037184 /* TagManagementTableViewCell.xib in Resources */ = {isa = PBXBuildFile; fileRef = 6A7C054D255B93A000037184 /* TagManagementTableViewCell.xib */; };
		6A7C056C255C022200037184 /* UICollectionView.swift in Sources */ = {isa = PBXBuildFile; fileRef = 6A7C056B255C022200037184 /* UICollectionView.swift */; };
		6A7C0571255C029E00037184 /* NSObject.swift in Sources */ = {isa = PBXBuildFile; fileRef = 6A7C0570255C029E00037184 /* NSObject.swift */; };
		6A7C0576255C033300037184 /* UIImage.swift in Sources */ = {isa = PBXBuildFile; fileRef = 6A7C0575255C033300037184 /* UIImage.swift */; };
		6A7C0580255C081400037184 /* CGFloat.swift in Sources */ = {isa = PBXBuildFile; fileRef = 6A7C057F255C081400037184 /* CGFloat.swift */; };
		6A7C0585255C086200037184 /* UIView.swift in Sources */ = {isa = PBXBuildFile; fileRef = 6A7C0584255C086200037184 /* UIView.swift */; };
		6A87E231258B35AC00896BD6 /* TagCategoryLayout.swift in Sources */ = {isa = PBXBuildFile; fileRef = 6A87E230258B35AC00896BD6 /* TagCategoryLayout.swift */; };
		6A87E235258B534F00896BD6 /* TagCategoryViewModel.swift in Sources */ = {isa = PBXBuildFile; fileRef = 6A87E234258B534F00896BD6 /* TagCategoryViewModel.swift */; };
		6A87E239258B594500896BD6 /* Tag.swift in Sources */ = {isa = PBXBuildFile; fileRef = 6A87E238258B594500896BD6 /* Tag.swift */; };
		6A87E243258B596300896BD6 /* PhotoNotes.swift in Sources */ = {isa = PBXBuildFile; fileRef = 6A87E242258B596300896BD6 /* PhotoNotes.swift */; };
		6A87E247258B5E2400896BD6 /* TagCategoryCellViewModel.swift in Sources */ = {isa = PBXBuildFile; fileRef = 6A87E246258B5E2400896BD6 /* TagCategoryCellViewModel.swift */; };
		6A87E252258B9B1A00896BD6 /* ImageLoadTaskManager.swift in Sources */ = {isa = PBXBuildFile; fileRef = 6A87E251258B9B1A00896BD6 /* ImageLoadTaskManager.swift */; };
		6A87E258258C768F00896BD6 /* MockTags.swift in Sources */ = {isa = PBXBuildFile; fileRef = 6A87E257258C768F00896BD6 /* MockTags.swift */; };
		6A87E25B258C773100896BD6 /* Tag.swift in Sources */ = {isa = PBXBuildFile; fileRef = 6A87E238258B594500896BD6 /* Tag.swift */; };
		6A87E25E258C7B4000896BD6 /* MockTags.swift in Sources */ = {isa = PBXBuildFile; fileRef = 6A87E257258C768F00896BD6 /* MockTags.swift */; };
		6A89B9B225546444003E1027 /* PhotoNoteCoordinator.swift in Sources */ = {isa = PBXBuildFile; fileRef = 6A89B9B125546444003E1027 /* PhotoNoteCoordinator.swift */; };
		6A89B9B725546463003E1027 /* SearchCoordinator.swift in Sources */ = {isa = PBXBuildFile; fileRef = 6A89B9B625546463003E1027 /* SearchCoordinator.swift */; };
		6A89B9BF25547088003E1027 /* SearchViewController.swift in Sources */ = {isa = PBXBuildFile; fileRef = 6A89B9BE25547088003E1027 /* SearchViewController.swift */; };
		6A89B9D2255473C9003E1027 /* ChildCoordinator.swift in Sources */ = {isa = PBXBuildFile; fileRef = 6A89B9D1255473C9003E1027 /* ChildCoordinator.swift */; };
		6A89B9E3255496F9003E1027 /* SelectPhotoViewController.swift in Sources */ = {isa = PBXBuildFile; fileRef = 6A89B9E2255496F9003E1027 /* SelectPhotoViewController.swift */; };
		6A89B9F225549807003E1027 /* SelectPeriodViewController.swift in Sources */ = {isa = PBXBuildFile; fileRef = 6A89B9F125549807003E1027 /* SelectPeriodViewController.swift */; };
		6A976A2D256D6EE900B27915 /* TagManagementViewModel.swift in Sources */ = {isa = PBXBuildFile; fileRef = 6A976A2C256D6EE900B27915 /* TagManagementViewModel.swift */; };
		6AA9BD65254E93C200126749 /* LoginManager.swift in Sources */ = {isa = PBXBuildFile; fileRef = 6AA9BD64254E93C200126749 /* LoginManager.swift */; };
		6AA9BD6E254EA0ED00126749 /* Endpoint.swift in Sources */ = {isa = PBXBuildFile; fileRef = 6AA9BD6D254EA0ED00126749 /* Endpoint.swift */; };
		6AAB872225849A1B00D1F3B1 /* NotificationName.swift in Sources */ = {isa = PBXBuildFile; fileRef = 6AAB872125849A1B00D1F3B1 /* NotificationName.swift */; };
		6AAB873E258A1F9B00D1F3B1 /* MockHashtags.swift in Sources */ = {isa = PBXBuildFile; fileRef = 6AAB873D258A1F9B00D1F3B1 /* MockHashtags.swift */; };
		6AAB8742258A205000D1F3B1 /* Hashtags.swift in Sources */ = {isa = PBXBuildFile; fileRef = 6ACCADBC256E28BE00072290 /* Hashtags.swift */; };
		6AAE725E2555988B00CF7F9F /* TagCategoryView.swift in Sources */ = {isa = PBXBuildFile; fileRef = 6AAE725D2555988B00CF7F9F /* TagCategoryView.swift */; };
		6AAE726E2555997D00CF7F9F /* TagManagementView.swift in Sources */ = {isa = PBXBuildFile; fileRef = 6AAE726D2555997D00CF7F9F /* TagManagementView.swift */; };
		6AB83AE02542B4340065B698 /* Coordinator.swift in Sources */ = {isa = PBXBuildFile; fileRef = 6AB83ADF2542B4340065B698 /* Coordinator.swift */; };
		6AB83AF425442B370065B698 /* TagCoordinator.swift in Sources */ = {isa = PBXBuildFile; fileRef = 6AB83AF325442B370065B698 /* TagCoordinator.swift */; };
		6AB83AF925442C030065B698 /* TagCategoryViewController.swift in Sources */ = {isa = PBXBuildFile; fileRef = 6AB83AF825442C030065B698 /* TagCategoryViewController.swift */; };
		6AC73CF725A9DE7F00118E4D /* NoteViewController.xib in Resources */ = {isa = PBXBuildFile; fileRef = 6AC73CF625A9DE7F00118E4D /* NoteViewController.xib */; };
		6ACCADBD256E28BE00072290 /* Hashtags.swift in Sources */ = {isa = PBXBuildFile; fileRef = 6ACCADBC256E28BE00072290 /* Hashtags.swift */; };
		6AD3ED5D25519F5700F8EF61 /* URLRequest.swift in Sources */ = {isa = PBXBuildFile; fileRef = 6AD3ED5C25519F5700F8EF61 /* URLRequest.swift */; };
		6AD3ED6225519F9E00F8EF61 /* NetworkManager.swift in Sources */ = {isa = PBXBuildFile; fileRef = 6AD3ED6125519F9E00F8EF61 /* NetworkManager.swift */; };
		6AD3ED6725519FE900F8EF61 /* UseCase.swift in Sources */ = {isa = PBXBuildFile; fileRef = 6AD3ED6625519FE900F8EF61 /* UseCase.swift */; };
		6AD3ED6C2551A09900F8EF61 /* HTTPMethod.swift in Sources */ = {isa = PBXBuildFile; fileRef = 6AD3ED6B2551A09900F8EF61 /* HTTPMethod.swift */; };
		6AD3ED712551A0B400F8EF61 /* NetworkError.swift in Sources */ = {isa = PBXBuildFile; fileRef = 6AD3ED702551A0B400F8EF61 /* NetworkError.swift */; };
		6AE1245E256830A300291388 /* UISwipeGestureRecognizer.swift in Sources */ = {isa = PBXBuildFile; fileRef = 6AE1245D256830A300291388 /* UISwipeGestureRecognizer.swift */; };
		6AEB5545259CA8220044699D /* AlertView.swift in Sources */ = {isa = PBXBuildFile; fileRef = 6AEB5544259CA8220044699D /* AlertView.swift */; };
		6AEB554A259CB2640044699D /* PhotoNoteViewModel.swift in Sources */ = {isa = PBXBuildFile; fileRef = 6AEB5549259CB2640044699D /* PhotoNoteViewModel.swift */; };
		6AEB5567259CB4B90044699D /* PhotoNoteViewController.swift in Sources */ = {isa = PBXBuildFile; fileRef = 6AEB5566259CB4B90044699D /* PhotoNoteViewController.swift */; };
		6AEB5568259CB4B90044699D /* PhotoNoteViewController.swift in Sources */ = {isa = PBXBuildFile; fileRef = 6AEB5566259CB4B90044699D /* PhotoNoteViewController.swift */; };
		6AEB5570259CB4D20044699D /* PhotoNoteViewController.xib in Resources */ = {isa = PBXBuildFile; fileRef = 6AEB556F259CB4D20044699D /* PhotoNoteViewController.xib */; };
		6AEB5571259CB4D20044699D /* PhotoNoteViewController.xib in Resources */ = {isa = PBXBuildFile; fileRef = 6AEB556F259CB4D20044699D /* PhotoNoteViewController.xib */; };
		6AEC28AE259223CC00D0634A /* URLComponents.swift in Sources */ = {isa = PBXBuildFile; fileRef = 6AEC28AD259223CC00D0634A /* URLComponents.swift */; };
		6AEC28B12592398500D0634A /* TagCategoryViewModel.swift in Sources */ = {isa = PBXBuildFile; fileRef = 6A87E234258B534F00896BD6 /* TagCategoryViewModel.swift */; };
		6AEC28B42592398C00D0634A /* TagCategoryLayout.swift in Sources */ = {isa = PBXBuildFile; fileRef = 6A87E230258B35AC00896BD6 /* TagCategoryLayout.swift */; };
		6AEC28B7259239AE00D0634A /* TagCategoryCellViewModel.swift in Sources */ = {isa = PBXBuildFile; fileRef = 6A87E246258B5E2400896BD6 /* TagCategoryCellViewModel.swift */; };
		6AEC28BA259239B400D0634A /* ImageLoadTaskManager.swift in Sources */ = {isa = PBXBuildFile; fileRef = 6A87E251258B9B1A00896BD6 /* ImageLoadTaskManager.swift */; };
		6AEC28BD259239BA00D0634A /* URLComponents.swift in Sources */ = {isa = PBXBuildFile; fileRef = 6AEC28AD259223CC00D0634A /* URLComponents.swift */; };
		6AFE3C01253EDF3200B385AC /* AppDelegate.swift in Sources */ = {isa = PBXBuildFile; fileRef = 6AFE3C00253EDF3200B385AC /* AppDelegate.swift */; };
		6AFE3C05253EDF3200B385AC /* LoginViewController.swift in Sources */ = {isa = PBXBuildFile; fileRef = 6AFE3C04253EDF3200B385AC /* LoginViewController.swift */; };
		6AFE3C0B253EDF3200B385AC /* PhotoTag.xcdatamodeld in Sources */ = {isa = PBXBuildFile; fileRef = 6AFE3C09253EDF3200B385AC /* PhotoTag.xcdatamodeld */; };
		6AFE3C0D253EDF3300B385AC /* Assets.xcassets in Resources */ = {isa = PBXBuildFile; fileRef = 6AFE3C0C253EDF3300B385AC /* Assets.xcassets */; };
		6AFE3C10253EDF3300B385AC /* LaunchScreen.storyboard in Resources */ = {isa = PBXBuildFile; fileRef = 6AFE3C0E253EDF3300B385AC /* LaunchScreen.storyboard */; };
		6AFE3C1B253EDF3400B385AC /* PhotoTagTests.swift in Sources */ = {isa = PBXBuildFile; fileRef = 6AFE3C1A253EDF3400B385AC /* PhotoTagTests.swift */; };
		6AFE3C45253F0A1000B385AC /* .swiftlint.yml in Resources */ = {isa = PBXBuildFile; fileRef = 6AFE3C44253F0A1000B385AC /* .swiftlint.yml */; };
		6B1A1637EBEC95E0B1B9031D /* Pods_PhotoTagTests.framework in Frameworks */ = {isa = PBXBuildFile; fileRef = AAECB468BFC87CB3AFB11BA0 /* Pods_PhotoTagTests.framework */; };
		8059815CE0EE55ED03445C87 /* Pods_PhotoTag.framework in Frameworks */ = {isa = PBXBuildFile; fileRef = 064CCBB8491AB889894E257E /* Pods_PhotoTag.framework */; };
/* End PBXBuildFile section */

/* Begin PBXContainerItemProxy section */
		6AFE3C17253EDF3400B385AC /* PBXContainerItemProxy */ = {
			isa = PBXContainerItemProxy;
			containerPortal = 6AFE3BF5253EDF3200B385AC /* Project object */;
			proxyType = 1;
			remoteGlobalIDString = 6AFE3BFC253EDF3200B385AC;
			remoteInfo = PhotoTag;
		};
/* End PBXContainerItemProxy section */

/* Begin PBXFileReference section */
		064CCBB8491AB889894E257E /* Pods_PhotoTag.framework */ = {isa = PBXFileReference; explicitFileType = wrapper.framework; includeInIndex = 0; path = Pods_PhotoTag.framework; sourceTree = BUILT_PRODUCTS_DIR; };
		4748E784DBC15642B3BBD5BE /* Pods-PhotoTagTests.release.xcconfig */ = {isa = PBXFileReference; includeInIndex = 1; lastKnownFileType = text.xcconfig; name = "Pods-PhotoTagTests.release.xcconfig"; path = "Target Support Files/Pods-PhotoTagTests/Pods-PhotoTagTests.release.xcconfig"; sourceTree = "<group>"; };
		55C8346B7FC7025DA7D4F3EB /* Pods-PhotoTag.release.xcconfig */ = {isa = PBXFileReference; includeInIndex = 1; lastKnownFileType = text.xcconfig; name = "Pods-PhotoTag.release.xcconfig"; path = "Target Support Files/Pods-PhotoTag/Pods-PhotoTag.release.xcconfig"; sourceTree = "<group>"; };
		6A0A216725AAC158009D56DE /* NoteNetworkingManager.swift */ = {isa = PBXFileReference; lastKnownFileType = sourcecode.swift; path = NoteNetworkingManager.swift; sourceTree = "<group>"; };
		6A0A216B25AAC190009D56DE /* PhotoNote.swift */ = {isa = PBXFileReference; lastKnownFileType = sourcecode.swift; path = PhotoNote.swift; sourceTree = "<group>"; };
		6A343C68257245D100146AAF /* PhotoTagRelease.entitlements */ = {isa = PBXFileReference; lastKnownFileType = text.plist.entitlements; path = PhotoTagRelease.entitlements; sourceTree = "<group>"; };
		6A343C7A25735C7000146AAF /* Observable.swift */ = {isa = PBXFileReference; lastKnownFileType = sourcecode.swift; path = Observable.swift; sourceTree = "<group>"; };
		6A343C7F25735C8C00146AAF /* TagManagementCellViewModel.swift */ = {isa = PBXFileReference; lastKnownFileType = sourcecode.swift; path = TagManagementCellViewModel.swift; sourceTree = "<group>"; };
		6A4F23E92546E2AC00577718 /* AppCoordinator.swift */ = {isa = PBXFileReference; lastKnownFileType = sourcecode.swift; path = AppCoordinator.swift; sourceTree = "<group>"; };
		6A4F23F62546EC8A00577718 /* PhotoNoteListViewController.swift */ = {isa = PBXFileReference; lastKnownFileType = sourcecode.swift; path = PhotoNoteListViewController.swift; sourceTree = "<group>"; };
		6A5544C825599CDF003F3864 /* UIColor.swift */ = {isa = PBXFileReference; lastKnownFileType = sourcecode.swift; path = UIColor.swift; sourceTree = "<group>"; };
		6A5544DB2559B3BB003F3864 /* ContentView.swift */ = {isa = PBXFileReference; lastKnownFileType = sourcecode.swift; path = ContentView.swift; sourceTree = "<group>"; };
		6A5544E32559B3CA003F3864 /* ScrollableContentViewWithHeader.swift */ = {isa = PBXFileReference; lastKnownFileType = sourcecode.swift; path = ScrollableContentViewWithHeader.swift; sourceTree = "<group>"; };
		6A5544F0255A75F4003F3864 /* PhotoNoteListView.swift */ = {isa = PBXFileReference; lastKnownFileType = sourcecode.swift; path = PhotoNoteListView.swift; sourceTree = "<group>"; };
		6A5544FD255AD575003F3864 /* TagCategoryCollectionViewCell.swift */ = {isa = PBXFileReference; lastKnownFileType = sourcecode.swift; path = TagCategoryCollectionViewCell.swift; sourceTree = "<group>"; };
		6A5544FE255AD575003F3864 /* TagCategoryCollectionViewCell.xib */ = {isa = PBXFileReference; lastKnownFileType = file.xib; path = TagCategoryCollectionViewCell.xib; sourceTree = "<group>"; };
		6A554504255AE449003F3864 /* ContentViewWithHeader.swift */ = {isa = PBXFileReference; lastKnownFileType = sourcecode.swift; path = ContentViewWithHeader.swift; sourceTree = "<group>"; };
		6A57CAEE255ED33600E42348 /* UsesAutoLayout.swift */ = {isa = PBXFileReference; lastKnownFileType = sourcecode.swift; path = UsesAutoLayout.swift; sourceTree = "<group>"; };
		6A598F42254C6BB400547E67 /* PhotoTag.entitlements */ = {isa = PBXFileReference; lastKnownFileType = text.plist.entitlements; path = PhotoTag.entitlements; sourceTree = "<group>"; };
		6A63BA11255C0AD10096A0F7 /* UITableView.swift */ = {isa = PBXFileReference; lastKnownFileType = sourcecode.swift; path = UITableView.swift; sourceTree = "<group>"; };
		6A63BA19255C1ED40096A0F7 /* TagManagementTableViewDataSource.swift */ = {isa = PBXFileReference; lastKnownFileType = sourcecode.swift; path = TagManagementTableViewDataSource.swift; sourceTree = "<group>"; };
		6A63BA1E255C1F450096A0F7 /* TagCategoryCollectionViewDataSource.swift */ = {isa = PBXFileReference; lastKnownFileType = sourcecode.swift; path = TagCategoryCollectionViewDataSource.swift; sourceTree = "<group>"; };
		6A63BA2B255C2F210096A0F7 /* TagManagementTableViewDelegate.swift */ = {isa = PBXFileReference; lastKnownFileType = sourcecode.swift; path = TagManagementTableViewDelegate.swift; sourceTree = "<group>"; };
		6A6825212548053F00B19C9A /* TagManagementViewController.swift */ = {isa = PBXFileReference; lastKnownFileType = sourcecode.swift; path = TagManagementViewController.swift; sourceTree = "<group>"; };
		6A6825322548384700B19C9A /* LayoutGuideCompatible.swift */ = {isa = PBXFileReference; lastKnownFileType = sourcecode.swift; path = LayoutGuideCompatible.swift; sourceTree = "<group>"; };
		6A682538254854E200B19C9A /* AppViewControllersFactory.swift */ = {isa = PBXFileReference; lastKnownFileType = sourcecode.swift; path = AppViewControllersFactory.swift; sourceTree = "<group>"; };
		6A68254325485DA300B19C9A /* LoginView.swift */ = {isa = PBXFileReference; lastKnownFileType = sourcecode.swift; path = LoginView.swift; sourceTree = "<group>"; };
		6A68254F25497B7200B19C9A /* Shadow.swift */ = {isa = PBXFileReference; lastKnownFileType = sourcecode.swift; path = Shadow.swift; sourceTree = "<group>"; };
		6A761E3C258A65F000E0E0F4 /* TagNetworkingManager.swift */ = {isa = PBXFileReference; lastKnownFileType = sourcecode.swift; path = TagNetworkingManager.swift; sourceTree = "<group>"; };
		6A761E6B258A693E00E0E0F4 /* Info.plist */ = {isa = PBXFileReference; fileEncoding = 4; lastKnownFileType = text.plist.xml; path = Info.plist; sourceTree = "<group>"; };
		6A7BB41825A0B111009D7F51 /* NoteViewController.swift */ = {isa = PBXFileReference; lastKnownFileType = sourcecode.swift; path = NoteViewController.swift; sourceTree = "<group>"; };
		6A7C054C255B93A000037184 /* TagManagementTableViewCell.swift */ = {isa = PBXFileReference; lastKnownFileType = sourcecode.swift; path = TagManagementTableViewCell.swift; sourceTree = "<group>"; };
		6A7C054D255B93A000037184 /* TagManagementTableViewCell.xib */ = {isa = PBXFileReference; lastKnownFileType = file.xib; path = TagManagementTableViewCell.xib; sourceTree = "<group>"; };
		6A7C056B255C022200037184 /* UICollectionView.swift */ = {isa = PBXFileReference; lastKnownFileType = sourcecode.swift; path = UICollectionView.swift; sourceTree = "<group>"; };
		6A7C0570255C029E00037184 /* NSObject.swift */ = {isa = PBXFileReference; lastKnownFileType = sourcecode.swift; path = NSObject.swift; sourceTree = "<group>"; };
		6A7C0575255C033300037184 /* UIImage.swift */ = {isa = PBXFileReference; lastKnownFileType = sourcecode.swift; path = UIImage.swift; sourceTree = "<group>"; };
		6A7C057F255C081400037184 /* CGFloat.swift */ = {isa = PBXFileReference; lastKnownFileType = sourcecode.swift; path = CGFloat.swift; sourceTree = "<group>"; };
		6A7C0584255C086200037184 /* UIView.swift */ = {isa = PBXFileReference; lastKnownFileType = sourcecode.swift; path = UIView.swift; sourceTree = "<group>"; };
		6A87E230258B35AC00896BD6 /* TagCategoryLayout.swift */ = {isa = PBXFileReference; lastKnownFileType = sourcecode.swift; path = TagCategoryLayout.swift; sourceTree = "<group>"; };
		6A87E234258B534F00896BD6 /* TagCategoryViewModel.swift */ = {isa = PBXFileReference; lastKnownFileType = sourcecode.swift; path = TagCategoryViewModel.swift; sourceTree = "<group>"; };
		6A87E238258B594500896BD6 /* Tag.swift */ = {isa = PBXFileReference; lastKnownFileType = sourcecode.swift; path = Tag.swift; sourceTree = "<group>"; };
		6A87E242258B596300896BD6 /* PhotoNotes.swift */ = {isa = PBXFileReference; lastKnownFileType = sourcecode.swift; path = PhotoNotes.swift; sourceTree = "<group>"; };
		6A87E246258B5E2400896BD6 /* TagCategoryCellViewModel.swift */ = {isa = PBXFileReference; lastKnownFileType = sourcecode.swift; path = TagCategoryCellViewModel.swift; sourceTree = "<group>"; };
		6A87E251258B9B1A00896BD6 /* ImageLoadTaskManager.swift */ = {isa = PBXFileReference; lastKnownFileType = sourcecode.swift; path = ImageLoadTaskManager.swift; sourceTree = "<group>"; };
		6A87E257258C768F00896BD6 /* MockTags.swift */ = {isa = PBXFileReference; lastKnownFileType = sourcecode.swift; path = MockTags.swift; sourceTree = "<group>"; };
		6A89B9B125546444003E1027 /* PhotoNoteCoordinator.swift */ = {isa = PBXFileReference; lastKnownFileType = sourcecode.swift; path = PhotoNoteCoordinator.swift; sourceTree = "<group>"; };
		6A89B9B625546463003E1027 /* SearchCoordinator.swift */ = {isa = PBXFileReference; lastKnownFileType = sourcecode.swift; path = SearchCoordinator.swift; sourceTree = "<group>"; };
		6A89B9BE25547088003E1027 /* SearchViewController.swift */ = {isa = PBXFileReference; lastKnownFileType = sourcecode.swift; path = SearchViewController.swift; sourceTree = "<group>"; };
		6A89B9D1255473C9003E1027 /* ChildCoordinator.swift */ = {isa = PBXFileReference; lastKnownFileType = sourcecode.swift; path = ChildCoordinator.swift; sourceTree = "<group>"; };
		6A89B9E2255496F9003E1027 /* SelectPhotoViewController.swift */ = {isa = PBXFileReference; lastKnownFileType = sourcecode.swift; path = SelectPhotoViewController.swift; sourceTree = "<group>"; };
		6A89B9F125549807003E1027 /* SelectPeriodViewController.swift */ = {isa = PBXFileReference; lastKnownFileType = sourcecode.swift; path = SelectPeriodViewController.swift; sourceTree = "<group>"; };
		6A976A2C256D6EE900B27915 /* TagManagementViewModel.swift */ = {isa = PBXFileReference; lastKnownFileType = sourcecode.swift; path = TagManagementViewModel.swift; sourceTree = "<group>"; };
		6AA9BD64254E93C200126749 /* LoginManager.swift */ = {isa = PBXFileReference; lastKnownFileType = sourcecode.swift; path = LoginManager.swift; sourceTree = "<group>"; };
		6AA9BD6D254EA0ED00126749 /* Endpoint.swift */ = {isa = PBXFileReference; lastKnownFileType = sourcecode.swift; path = Endpoint.swift; sourceTree = "<group>"; };
		6AAB872125849A1B00D1F3B1 /* NotificationName.swift */ = {isa = PBXFileReference; lastKnownFileType = sourcecode.swift; path = NotificationName.swift; sourceTree = "<group>"; };
		6AAB873D258A1F9B00D1F3B1 /* MockHashtags.swift */ = {isa = PBXFileReference; lastKnownFileType = sourcecode.swift; path = MockHashtags.swift; sourceTree = "<group>"; };
		6AAE725D2555988B00CF7F9F /* TagCategoryView.swift */ = {isa = PBXFileReference; lastKnownFileType = sourcecode.swift; path = TagCategoryView.swift; sourceTree = "<group>"; };
		6AAE726D2555997D00CF7F9F /* TagManagementView.swift */ = {isa = PBXFileReference; lastKnownFileType = sourcecode.swift; path = TagManagementView.swift; sourceTree = "<group>"; };
		6AB83ADF2542B4340065B698 /* Coordinator.swift */ = {isa = PBXFileReference; lastKnownFileType = sourcecode.swift; path = Coordinator.swift; sourceTree = "<group>"; };
		6AB83AF325442B370065B698 /* TagCoordinator.swift */ = {isa = PBXFileReference; lastKnownFileType = sourcecode.swift; path = TagCoordinator.swift; sourceTree = "<group>"; };
		6AB83AF825442C030065B698 /* TagCategoryViewController.swift */ = {isa = PBXFileReference; lastKnownFileType = sourcecode.swift; path = TagCategoryViewController.swift; sourceTree = "<group>"; };
		6AC73CF625A9DE7F00118E4D /* NoteViewController.xib */ = {isa = PBXFileReference; lastKnownFileType = file.xib; path = NoteViewController.xib; sourceTree = "<group>"; };
		6ACCADBC256E28BE00072290 /* Hashtags.swift */ = {isa = PBXFileReference; lastKnownFileType = sourcecode.swift; path = Hashtags.swift; sourceTree = "<group>"; };
		6AD3ED5C25519F5700F8EF61 /* URLRequest.swift */ = {isa = PBXFileReference; lastKnownFileType = sourcecode.swift; path = URLRequest.swift; sourceTree = "<group>"; };
		6AD3ED6125519F9E00F8EF61 /* NetworkManager.swift */ = {isa = PBXFileReference; lastKnownFileType = sourcecode.swift; path = NetworkManager.swift; sourceTree = "<group>"; };
		6AD3ED6625519FE900F8EF61 /* UseCase.swift */ = {isa = PBXFileReference; lastKnownFileType = sourcecode.swift; path = UseCase.swift; sourceTree = "<group>"; };
		6AD3ED6B2551A09900F8EF61 /* HTTPMethod.swift */ = {isa = PBXFileReference; lastKnownFileType = sourcecode.swift; path = HTTPMethod.swift; sourceTree = "<group>"; };
		6AD3ED702551A0B400F8EF61 /* NetworkError.swift */ = {isa = PBXFileReference; lastKnownFileType = sourcecode.swift; path = NetworkError.swift; sourceTree = "<group>"; };
		6AE1245D256830A300291388 /* UISwipeGestureRecognizer.swift */ = {isa = PBXFileReference; lastKnownFileType = sourcecode.swift; path = UISwipeGestureRecognizer.swift; sourceTree = "<group>"; };
		6AEB5544259CA8220044699D /* AlertView.swift */ = {isa = PBXFileReference; lastKnownFileType = sourcecode.swift; path = AlertView.swift; sourceTree = "<group>"; };
		6AEB5549259CB2640044699D /* PhotoNoteViewModel.swift */ = {isa = PBXFileReference; lastKnownFileType = sourcecode.swift; path = PhotoNoteViewModel.swift; sourceTree = "<group>"; };
		6AEB5566259CB4B90044699D /* PhotoNoteViewController.swift */ = {isa = PBXFileReference; fileEncoding = 4; lastKnownFileType = sourcecode.swift; path = PhotoNoteViewController.swift; sourceTree = "<group>"; };
		6AEB556F259CB4D20044699D /* PhotoNoteViewController.xib */ = {isa = PBXFileReference; lastKnownFileType = file.xib; path = PhotoNoteViewController.xib; sourceTree = "<group>"; };
		6AEC28AD259223CC00D0634A /* URLComponents.swift */ = {isa = PBXFileReference; lastKnownFileType = sourcecode.swift; path = URLComponents.swift; sourceTree = "<group>"; };
		6AFE3BFD253EDF3200B385AC /* PhotoTag.app */ = {isa = PBXFileReference; explicitFileType = wrapper.application; includeInIndex = 0; path = PhotoTag.app; sourceTree = BUILT_PRODUCTS_DIR; };
		6AFE3C00253EDF3200B385AC /* AppDelegate.swift */ = {isa = PBXFileReference; lastKnownFileType = sourcecode.swift; path = AppDelegate.swift; sourceTree = "<group>"; };
		6AFE3C04253EDF3200B385AC /* LoginViewController.swift */ = {isa = PBXFileReference; lastKnownFileType = sourcecode.swift; path = LoginViewController.swift; sourceTree = "<group>"; };
		6AFE3C0A253EDF3200B385AC /* PhotoTag.xcdatamodel */ = {isa = PBXFileReference; lastKnownFileType = wrapper.xcdatamodel; path = PhotoTag.xcdatamodel; sourceTree = "<group>"; };
		6AFE3C0C253EDF3300B385AC /* Assets.xcassets */ = {isa = PBXFileReference; lastKnownFileType = folder.assetcatalog; path = Assets.xcassets; sourceTree = "<group>"; };
		6AFE3C0F253EDF3300B385AC /* Base */ = {isa = PBXFileReference; lastKnownFileType = file.storyboard; name = Base; path = Base.lproj/LaunchScreen.storyboard; sourceTree = "<group>"; };
		6AFE3C11253EDF3300B385AC /* Info.plist */ = {isa = PBXFileReference; lastKnownFileType = text.plist.xml; path = Info.plist; sourceTree = "<group>"; };
		6AFE3C16253EDF3400B385AC /* PhotoTagTests.xctest */ = {isa = PBXFileReference; explicitFileType = wrapper.cfbundle; includeInIndex = 0; path = PhotoTagTests.xctest; sourceTree = BUILT_PRODUCTS_DIR; };
		6AFE3C1A253EDF3400B385AC /* PhotoTagTests.swift */ = {isa = PBXFileReference; lastKnownFileType = sourcecode.swift; path = PhotoTagTests.swift; sourceTree = "<group>"; };
		6AFE3C44253F0A1000B385AC /* .swiftlint.yml */ = {isa = PBXFileReference; lastKnownFileType = text.yaml; path = .swiftlint.yml; sourceTree = "<group>"; };
		7BDFA792F3F07C12B9E0BE91 /* Pods-PhotoTag-PhotoTagUITests.release.xcconfig */ = {isa = PBXFileReference; includeInIndex = 1; lastKnownFileType = text.xcconfig; name = "Pods-PhotoTag-PhotoTagUITests.release.xcconfig"; path = "Target Support Files/Pods-PhotoTag-PhotoTagUITests/Pods-PhotoTag-PhotoTagUITests.release.xcconfig"; sourceTree = "<group>"; };
		9883F4ADD7ADA08DC14AA90B /* Pods_PhotoTag_PhotoTagUITests.framework */ = {isa = PBXFileReference; explicitFileType = wrapper.framework; includeInIndex = 0; path = Pods_PhotoTag_PhotoTagUITests.framework; sourceTree = BUILT_PRODUCTS_DIR; };
		A369AE606C4CA3444E1B7280 /* Pods-PhotoTag.debug.xcconfig */ = {isa = PBXFileReference; includeInIndex = 1; lastKnownFileType = text.xcconfig; name = "Pods-PhotoTag.debug.xcconfig"; path = "Target Support Files/Pods-PhotoTag/Pods-PhotoTag.debug.xcconfig"; sourceTree = "<group>"; };
		AAECB468BFC87CB3AFB11BA0 /* Pods_PhotoTagTests.framework */ = {isa = PBXFileReference; explicitFileType = wrapper.framework; includeInIndex = 0; path = Pods_PhotoTagTests.framework; sourceTree = BUILT_PRODUCTS_DIR; };
		C046F4BF7EB58070BF90C37F /* Pods-PhotoTagTests.debug.xcconfig */ = {isa = PBXFileReference; includeInIndex = 1; lastKnownFileType = text.xcconfig; name = "Pods-PhotoTagTests.debug.xcconfig"; path = "Target Support Files/Pods-PhotoTagTests/Pods-PhotoTagTests.debug.xcconfig"; sourceTree = "<group>"; };
		D52D4CFA806FB12E27D57896 /* Pods-PhotoTag-PhotoTagUITests.debug.xcconfig */ = {isa = PBXFileReference; includeInIndex = 1; lastKnownFileType = text.xcconfig; name = "Pods-PhotoTag-PhotoTagUITests.debug.xcconfig"; path = "Target Support Files/Pods-PhotoTag-PhotoTagUITests/Pods-PhotoTag-PhotoTagUITests.debug.xcconfig"; sourceTree = "<group>"; };
/* End PBXFileReference section */

/* Begin PBXFrameworksBuildPhase section */
		6AFE3BFA253EDF3200B385AC /* Frameworks */ = {
			isa = PBXFrameworksBuildPhase;
			buildActionMask = 2147483647;
			files = (
				8059815CE0EE55ED03445C87 /* Pods_PhotoTag.framework in Frameworks */,
			);
			runOnlyForDeploymentPostprocessing = 0;
		};
		6AFE3C13253EDF3400B385AC /* Frameworks */ = {
			isa = PBXFrameworksBuildPhase;
			buildActionMask = 2147483647;
			files = (
				6B1A1637EBEC95E0B1B9031D /* Pods_PhotoTagTests.framework in Frameworks */,
			);
			runOnlyForDeploymentPostprocessing = 0;
		};
/* End PBXFrameworksBuildPhase section */

/* Begin PBXGroup section */
		544FFADEE4307EA850FDD46D /* Pods */ = {
			isa = PBXGroup;
			children = (
				A369AE606C4CA3444E1B7280 /* Pods-PhotoTag.debug.xcconfig */,
				55C8346B7FC7025DA7D4F3EB /* Pods-PhotoTag.release.xcconfig */,
				D52D4CFA806FB12E27D57896 /* Pods-PhotoTag-PhotoTagUITests.debug.xcconfig */,
				7BDFA792F3F07C12B9E0BE91 /* Pods-PhotoTag-PhotoTagUITests.release.xcconfig */,
				C046F4BF7EB58070BF90C37F /* Pods-PhotoTagTests.debug.xcconfig */,
				4748E784DBC15642B3BBD5BE /* Pods-PhotoTagTests.release.xcconfig */,
			);
			path = Pods;
			sourceTree = "<group>";
		};
		6A0A216625AAC132009D56DE /* Model */ = {
			isa = PBXGroup;
			children = (
				6A0A216725AAC158009D56DE /* NoteNetworkingManager.swift */,
				6A0A216B25AAC190009D56DE /* PhotoNote.swift */,
			);
			path = Model;
			sourceTree = "<group>";
		};
		6A5544DA2559B39E003F3864 /* Common View */ = {
			isa = PBXGroup;
			children = (
				6A5544DB2559B3BB003F3864 /* ContentView.swift */,
				6A554504255AE449003F3864 /* ContentViewWithHeader.swift */,
				6A5544E32559B3CA003F3864 /* ScrollableContentViewWithHeader.swift */,
				6AEB5544259CA8220044699D /* AlertView.swift */,
			);
			path = "Common View";
			sourceTree = "<group>";
		};
		6A5544EE255A75C4003F3864 /* PhotoNoteList */ = {
			isa = PBXGroup;
			children = (
				6A5544EF255A75CF003F3864 /* View */,
			);
			path = PhotoNoteList;
			sourceTree = "<group>";
		};
		6A5544EF255A75CF003F3864 /* View */ = {
			isa = PBXGroup;
			children = (
				6A4F23F62546EC8A00577718 /* PhotoNoteListViewController.swift */,
				6A5544F0255A75F4003F3864 /* PhotoNoteListView.swift */,
			);
			path = View;
			sourceTree = "<group>";
		};
		6A63BA30255C2F2B0096A0F7 /* ViewModel */ = {
			isa = PBXGroup;
			children = (
				6A976A2C256D6EE900B27915 /* TagManagementViewModel.swift */,
				6A343C7F25735C8C00146AAF /* TagManagementCellViewModel.swift */,
			);
			path = ViewModel;
			sourceTree = "<group>";
		};
		6A68252E254837E900B19C9A /* Utility */ = {
			isa = PBXGroup;
			children = (
				6A7C056A255C021600037184 /* Extension */,
				6A6825322548384700B19C9A /* LayoutGuideCompatible.swift */,
				6A68254F25497B7200B19C9A /* Shadow.swift */,
				6A343C7A25735C7000146AAF /* Observable.swift */,
			);
			path = Utility;
			sourceTree = "<group>";
		};
		6A682537254854D000B19C9A /* AppConfigurator */ = {
			isa = PBXGroup;
			children = (
				6A682538254854E200B19C9A /* AppViewControllersFactory.swift */,
			);
			path = AppConfigurator;
			sourceTree = "<group>";
		};
		6A68254225485D9000B19C9A /* View */ = {
			isa = PBXGroup;
			children = (
				6AFE3C04253EDF3200B385AC /* LoginViewController.swift */,
				6A68254325485DA300B19C9A /* LoginView.swift */,
			);
			path = View;
			sourceTree = "<group>";
		};
		6A7C055B255C00E300037184 /* ViewModel */ = {
			isa = PBXGroup;
			children = (
				6A87E234258B534F00896BD6 /* TagCategoryViewModel.swift */,
				6A87E246258B5E2400896BD6 /* TagCategoryCellViewModel.swift */,
			);
			path = ViewModel;
			sourceTree = "<group>";
		};
		6A7C056A255C021600037184 /* Extension */ = {
			isa = PBXGroup;
			children = (
				6A7C056B255C022200037184 /* UICollectionView.swift */,
				6A63BA11255C0AD10096A0F7 /* UITableView.swift */,
				6A7C0570255C029E00037184 /* NSObject.swift */,
				6A7C0575255C033300037184 /* UIImage.swift */,
				6A7C057F255C081400037184 /* CGFloat.swift */,
				6A7C0584255C086200037184 /* UIView.swift */,
				6A5544C825599CDF003F3864 /* UIColor.swift */,
				6A57CAEE255ED33600E42348 /* UsesAutoLayout.swift */,
				6AE1245D256830A300291388 /* UISwipeGestureRecognizer.swift */,
				6AD3ED5C25519F5700F8EF61 /* URLRequest.swift */,
				6AAB872125849A1B00D1F3B1 /* NotificationName.swift */,
				6AEC28AD259223CC00D0634A /* URLComponents.swift */,
			);
			path = Extension;
			sourceTree = "<group>";
		};
		6A976A31256D787F00B27915 /* Network */ = {
			isa = PBXGroup;
			children = (
				6AA9BD6D254EA0ED00126749 /* Endpoint.swift */,
				6AD3ED6125519F9E00F8EF61 /* NetworkManager.swift */,
				6AD3ED6625519FE900F8EF61 /* UseCase.swift */,
				6AD3ED6B2551A09900F8EF61 /* HTTPMethod.swift */,
				6AD3ED702551A0B400F8EF61 /* NetworkError.swift */,
				6A87E251258B9B1A00896BD6 /* ImageLoadTaskManager.swift */,
			);
			path = Network;
			sourceTree = "<group>";
		};
		6AA9BD69254E93C800126749 /* Model */ = {
			isa = PBXGroup;
			children = (
				6AA9BD64254E93C200126749 /* LoginManager.swift */,
			);
			path = Model;
			sourceTree = "<group>";
		};
		6AAE72592555983800CF7F9F /* TagCategory */ = {
			isa = PBXGroup;
			children = (
				6A7C055B255C00E300037184 /* ViewModel */,
				6AAE725B2555986500CF7F9F /* View */,
			);
			path = TagCategory;
			sourceTree = "<group>";
		};
		6AAE725A2555984400CF7F9F /* TagManagement */ = {
			isa = PBXGroup;
			children = (
				6A63BA30255C2F2B0096A0F7 /* ViewModel */,
				6AAE725C2555986D00CF7F9F /* View */,
			);
			path = TagManagement;
			sourceTree = "<group>";
		};
		6AAE725B2555986500CF7F9F /* View */ = {
			isa = PBXGroup;
			children = (
				6AB83AF825442C030065B698 /* TagCategoryViewController.swift */,
				6AAE725D2555988B00CF7F9F /* TagCategoryView.swift */,
				6A5544FD255AD575003F3864 /* TagCategoryCollectionViewCell.swift */,
				6A5544FE255AD575003F3864 /* TagCategoryCollectionViewCell.xib */,
				6A63BA1E255C1F450096A0F7 /* TagCategoryCollectionViewDataSource.swift */,
				6A87E230258B35AC00896BD6 /* TagCategoryLayout.swift */,
			);
			path = View;
			sourceTree = "<group>";
		};
		6AAE725C2555986D00CF7F9F /* View */ = {
			isa = PBXGroup;
			children = (
				6A6825212548053F00B19C9A /* TagManagementViewController.swift */,
				6AAE726D2555997D00CF7F9F /* TagManagementView.swift */,
				6A7C054C255B93A000037184 /* TagManagementTableViewCell.swift */,
				6A7C054D255B93A000037184 /* TagManagementTableViewCell.xib */,
				6A63BA19255C1ED40096A0F7 /* TagManagementTableViewDataSource.swift */,
			);
			path = View;
			sourceTree = "<group>";
		};
		6AB83ADE2542B4130065B698 /* Coordinator */ = {
			isa = PBXGroup;
			children = (
				6AB83ADF2542B4340065B698 /* Coordinator.swift */,
				6A89B9D1255473C9003E1027 /* ChildCoordinator.swift */,
				6A4F23E92546E2AC00577718 /* AppCoordinator.swift */,
				6AB83AF325442B370065B698 /* TagCoordinator.swift */,
				6A89B9B125546444003E1027 /* PhotoNoteCoordinator.swift */,
				6A89B9B625546463003E1027 /* SearchCoordinator.swift */,
			);
			path = Coordinator;
			sourceTree = "<group>";
		};
		6AB83AEC25441BC20065B698 /* Login */ = {
			isa = PBXGroup;
			children = (
				6A68254225485D9000B19C9A /* View */,
				6AA9BD69254E93C800126749 /* Model */,
			);
			path = Login;
			sourceTree = "<group>";
		};
		6AB83AED25441BC90065B698 /* Tag */ = {
			isa = PBXGroup;
			children = (
				6AAE72592555983800CF7F9F /* TagCategory */,
				6AAE725A2555984400CF7F9F /* TagManagement */,
				6A63BA2B255C2F210096A0F7 /* TagManagementTableViewDelegate.swift */,
				6ACCADAA256E288C00072290 /* Model */,
			);
			path = Tag;
			sourceTree = "<group>";
		};
		6AB83AEE25441C040065B698 /* Photo Note */ = {
			isa = PBXGroup;
			children = (
				6AEB554F259CB3D00044699D /* PhotoNote */,
				6A5544EE255A75C4003F3864 /* PhotoNoteList */,
				6A89B9E2255496F9003E1027 /* SelectPhotoViewController.swift */,
				6A0A216625AAC132009D56DE /* Model */,
			);
			path = "Photo Note";
			sourceTree = "<group>";
		};
		6AB83AEF25441C0C0065B698 /* Search */ = {
			isa = PBXGroup;
			children = (
				6A89B9BE25547088003E1027 /* SearchViewController.swift */,
				6A89B9F125549807003E1027 /* SelectPeriodViewController.swift */,
			);
			path = Search;
			sourceTree = "<group>";
		};
		6ACCADAA256E288C00072290 /* Model */ = {
			isa = PBXGroup;
			children = (
				6ACCADBC256E28BE00072290 /* Hashtags.swift */,
				6A761E3C258A65F000E0E0F4 /* TagNetworkingManager.swift */,
				6A87E238258B594500896BD6 /* Tag.swift */,
				6A87E242258B596300896BD6 /* PhotoNotes.swift */,
			);
			path = Model;
			sourceTree = "<group>";
		};
		6AEB5548259CB25C0044699D /* ViewModel */ = {
			isa = PBXGroup;
			children = (
				6AEB5549259CB2640044699D /* PhotoNoteViewModel.swift */,
			);
			path = ViewModel;
			sourceTree = "<group>";
		};
		6AEB554F259CB3D00044699D /* PhotoNote */ = {
			isa = PBXGroup;
			children = (
				6AEB5548259CB25C0044699D /* ViewModel */,
				6AEB5550259CB3E90044699D /* View */,
			);
			path = PhotoNote;
			sourceTree = "<group>";
		};
		6AEB5550259CB3E90044699D /* View */ = {
			isa = PBXGroup;
			children = (
				6AEB5566259CB4B90044699D /* PhotoNoteViewController.swift */,
				6AEB556F259CB4D20044699D /* PhotoNoteViewController.xib */,
				6A7BB41825A0B111009D7F51 /* NoteViewController.swift */,
				6AC73CF625A9DE7F00118E4D /* NoteViewController.xib */,
			);
			path = View;
			sourceTree = "<group>";
		};
		6AFE3BF4253EDF3200B385AC = {
			isa = PBXGroup;
			children = (
				6AFE3C44253F0A1000B385AC /* .swiftlint.yml */,
				6AFE3BFF253EDF3200B385AC /* PhotoTag */,
				6AFE3C19253EDF3400B385AC /* PhotoTagTests */,
				6AFE3BFE253EDF3200B385AC /* Products */,
				544FFADEE4307EA850FDD46D /* Pods */,
				75AB8FBF774F79EB9F40E099 /* Frameworks */,
			);
			sourceTree = "<group>";
		};
		6AFE3BFE253EDF3200B385AC /* Products */ = {
			isa = PBXGroup;
			children = (
				6AFE3BFD253EDF3200B385AC /* PhotoTag.app */,
				6AFE3C16253EDF3400B385AC /* PhotoTagTests.xctest */,
			);
			name = Products;
			sourceTree = "<group>";
		};
		6AFE3BFF253EDF3200B385AC /* PhotoTag */ = {
			isa = PBXGroup;
			children = (
				6A343C68257245D100146AAF /* PhotoTagRelease.entitlements */,
				6A598F42254C6BB400547E67 /* PhotoTag.entitlements */,
				6A682537254854D000B19C9A /* AppConfigurator */,
				6A68252E254837E900B19C9A /* Utility */,
				6AB83ADE2542B4130065B698 /* Coordinator */,
				6A5544DA2559B39E003F3864 /* Common View */,
				6A976A31256D787F00B27915 /* Network */,
				6AB83AEC25441BC20065B698 /* Login */,
				6AB83AED25441BC90065B698 /* Tag */,
				6AB83AEE25441C040065B698 /* Photo Note */,
				6AB83AEF25441C0C0065B698 /* Search */,
				6AFE3C56253F0BBE00B385AC /* App */,
				6AFE3C11253EDF3300B385AC /* Info.plist */,
			);
			path = PhotoTag;
			sourceTree = "<group>";
		};
		6AFE3C19253EDF3400B385AC /* PhotoTagTests */ = {
			isa = PBXGroup;
			children = (
				6AFE3C1A253EDF3400B385AC /* PhotoTagTests.swift */,
				6AAB873D258A1F9B00D1F3B1 /* MockHashtags.swift */,
				6A761E6B258A693E00E0E0F4 /* Info.plist */,
				6A87E257258C768F00896BD6 /* MockTags.swift */,
			);
			path = PhotoTagTests;
			sourceTree = "<group>";
		};
		6AFE3C56253F0BBE00B385AC /* App */ = {
			isa = PBXGroup;
			children = (
				6AFE3C00253EDF3200B385AC /* AppDelegate.swift */,
				6AFE3C0E253EDF3300B385AC /* LaunchScreen.storyboard */,
				6AFE3C0C253EDF3300B385AC /* Assets.xcassets */,
				6AFE3C09253EDF3200B385AC /* PhotoTag.xcdatamodeld */,
			);
			path = App;
			sourceTree = "<group>";
		};
		75AB8FBF774F79EB9F40E099 /* Frameworks */ = {
			isa = PBXGroup;
			children = (
				064CCBB8491AB889894E257E /* Pods_PhotoTag.framework */,
				9883F4ADD7ADA08DC14AA90B /* Pods_PhotoTag_PhotoTagUITests.framework */,
				AAECB468BFC87CB3AFB11BA0 /* Pods_PhotoTagTests.framework */,
			);
			name = Frameworks;
			sourceTree = "<group>";
		};
/* End PBXGroup section */

/* Begin PBXNativeTarget section */
		6AFE3BFC253EDF3200B385AC /* PhotoTag */ = {
			isa = PBXNativeTarget;
			buildConfigurationList = 6AFE3C2A253EDF3400B385AC /* Build configuration list for PBXNativeTarget "PhotoTag" */;
			buildPhases = (
				E733F871E53BAD18D97F7795 /* [CP] Check Pods Manifest.lock */,
				6AFE3BF9253EDF3200B385AC /* Sources */,
				6AFE3BFA253EDF3200B385AC /* Frameworks */,
				6AFE3BFB253EDF3200B385AC /* Resources */,
				6AFE3C40253F08F700B385AC /* ShellScript */,
				AB90835538DBC3BC0EF04232 /* [CP] Embed Pods Frameworks */,
			);
			buildRules = (
			);
			dependencies = (
			);
			name = PhotoTag;
			productName = PhotoTag;
			productReference = 6AFE3BFD253EDF3200B385AC /* PhotoTag.app */;
			productType = "com.apple.product-type.application";
		};
		6AFE3C15253EDF3400B385AC /* PhotoTagTests */ = {
			isa = PBXNativeTarget;
			buildConfigurationList = 6AFE3C2D253EDF3400B385AC /* Build configuration list for PBXNativeTarget "PhotoTagTests" */;
			buildPhases = (
				CAFC978B2E6AF54CBFDF2557 /* [CP] Check Pods Manifest.lock */,
				6AFE3C12253EDF3400B385AC /* Sources */,
				6AFE3C13253EDF3400B385AC /* Frameworks */,
				6AFE3C14253EDF3400B385AC /* Resources */,
			);
			buildRules = (
			);
			dependencies = (
				6AFE3C18253EDF3400B385AC /* PBXTargetDependency */,
			);
			name = PhotoTagTests;
			productName = PhotoTagTests;
			productReference = 6AFE3C16253EDF3400B385AC /* PhotoTagTests.xctest */;
			productType = "com.apple.product-type.bundle.unit-test";
		};
/* End PBXNativeTarget section */

/* Begin PBXProject section */
		6AFE3BF5253EDF3200B385AC /* Project object */ = {
			isa = PBXProject;
			attributes = {
				LastSwiftUpdateCheck = 1200;
				LastUpgradeCheck = 1200;
				TargetAttributes = {
					6AFE3BFC253EDF3200B385AC = {
						CreatedOnToolsVersion = 12.0.1;
					};
					6AFE3C15253EDF3400B385AC = {
						CreatedOnToolsVersion = 12.0.1;
						TestTargetID = 6AFE3BFC253EDF3200B385AC;
					};
				};
			};
			buildConfigurationList = 6AFE3BF8253EDF3200B385AC /* Build configuration list for PBXProject "PhotoTag" */;
			compatibilityVersion = "Xcode 9.3";
			developmentRegion = en;
			hasScannedForEncodings = 0;
			knownRegions = (
				en,
				Base,
			);
			mainGroup = 6AFE3BF4253EDF3200B385AC;
			productRefGroup = 6AFE3BFE253EDF3200B385AC /* Products */;
			projectDirPath = "";
			projectRoot = "";
			targets = (
				6AFE3BFC253EDF3200B385AC /* PhotoTag */,
				6AFE3C15253EDF3400B385AC /* PhotoTagTests */,
			);
		};
/* End PBXProject section */

/* Begin PBXResourcesBuildPhase section */
		6AFE3BFB253EDF3200B385AC /* Resources */ = {
			isa = PBXResourcesBuildPhase;
			buildActionMask = 2147483647;
			files = (
				6A7C054F255B93A000037184 /* TagManagementTableViewCell.xib in Resources */,
				6AEB5570259CB4D20044699D /* PhotoNoteViewController.xib in Resources */,
				6AC73CF725A9DE7F00118E4D /* NoteViewController.xib in Resources */,
				6AFE3C45253F0A1000B385AC /* .swiftlint.yml in Resources */,
				6A554500255AD575003F3864 /* TagCategoryCollectionViewCell.xib in Resources */,
				6AFE3C10253EDF3300B385AC /* LaunchScreen.storyboard in Resources */,
				6AFE3C0D253EDF3300B385AC /* Assets.xcassets in Resources */,
			);
			runOnlyForDeploymentPostprocessing = 0;
		};
		6AFE3C14253EDF3400B385AC /* Resources */ = {
			isa = PBXResourcesBuildPhase;
			buildActionMask = 2147483647;
			files = (
				6AEB5571259CB4D20044699D /* PhotoNoteViewController.xib in Resources */,
			);
			runOnlyForDeploymentPostprocessing = 0;
		};
/* End PBXResourcesBuildPhase section */

/* Begin PBXShellScriptBuildPhase section */
		6AFE3C40253F08F700B385AC /* ShellScript */ = {
			isa = PBXShellScriptBuildPhase;
			buildActionMask = 2147483647;
			files = (
			);
			inputFileListPaths = (
			);
			inputPaths = (
			);
			outputFileListPaths = (
			);
			outputPaths = (
			);
			runOnlyForDeploymentPostprocessing = 0;
			shellPath = /bin/sh;
			shellScript = "${PODS_ROOT}/SwiftLint/swiftlint\n";
		};
		AB90835538DBC3BC0EF04232 /* [CP] Embed Pods Frameworks */ = {
			isa = PBXShellScriptBuildPhase;
			buildActionMask = 2147483647;
			files = (
			);
			inputFileListPaths = (
				"${PODS_ROOT}/Target Support Files/Pods-PhotoTag/Pods-PhotoTag-frameworks-${CONFIGURATION}-input-files.xcfilelist",
			);
			name = "[CP] Embed Pods Frameworks";
			outputFileListPaths = (
				"${PODS_ROOT}/Target Support Files/Pods-PhotoTag/Pods-PhotoTag-frameworks-${CONFIGURATION}-output-files.xcfilelist",
			);
			runOnlyForDeploymentPostprocessing = 0;
			shellPath = /bin/sh;
			shellScript = "\"${PODS_ROOT}/Target Support Files/Pods-PhotoTag/Pods-PhotoTag-frameworks.sh\"\n";
			showEnvVarsInLog = 0;
		};
		CAFC978B2E6AF54CBFDF2557 /* [CP] Check Pods Manifest.lock */ = {
			isa = PBXShellScriptBuildPhase;
			buildActionMask = 2147483647;
			files = (
			);
			inputFileListPaths = (
			);
			inputPaths = (
				"${PODS_PODFILE_DIR_PATH}/Podfile.lock",
				"${PODS_ROOT}/Manifest.lock",
			);
			name = "[CP] Check Pods Manifest.lock";
			outputFileListPaths = (
			);
			outputPaths = (
				"$(DERIVED_FILE_DIR)/Pods-PhotoTagTests-checkManifestLockResult.txt",
			);
			runOnlyForDeploymentPostprocessing = 0;
			shellPath = /bin/sh;
			shellScript = "diff \"${PODS_PODFILE_DIR_PATH}/Podfile.lock\" \"${PODS_ROOT}/Manifest.lock\" > /dev/null\nif [ $? != 0 ] ; then\n    # print error to STDERR\n    echo \"error: The sandbox is not in sync with the Podfile.lock. Run 'pod install' or update your CocoaPods installation.\" >&2\n    exit 1\nfi\n# This output is used by Xcode 'outputs' to avoid re-running this script phase.\necho \"SUCCESS\" > \"${SCRIPT_OUTPUT_FILE_0}\"\n";
			showEnvVarsInLog = 0;
		};
		E733F871E53BAD18D97F7795 /* [CP] Check Pods Manifest.lock */ = {
			isa = PBXShellScriptBuildPhase;
			buildActionMask = 2147483647;
			files = (
			);
			inputFileListPaths = (
			);
			inputPaths = (
				"${PODS_PODFILE_DIR_PATH}/Podfile.lock",
				"${PODS_ROOT}/Manifest.lock",
			);
			name = "[CP] Check Pods Manifest.lock";
			outputFileListPaths = (
			);
			outputPaths = (
				"$(DERIVED_FILE_DIR)/Pods-PhotoTag-checkManifestLockResult.txt",
			);
			runOnlyForDeploymentPostprocessing = 0;
			shellPath = /bin/sh;
			shellScript = "diff \"${PODS_PODFILE_DIR_PATH}/Podfile.lock\" \"${PODS_ROOT}/Manifest.lock\" > /dev/null\nif [ $? != 0 ] ; then\n    # print error to STDERR\n    echo \"error: The sandbox is not in sync with the Podfile.lock. Run 'pod install' or update your CocoaPods installation.\" >&2\n    exit 1\nfi\n# This output is used by Xcode 'outputs' to avoid re-running this script phase.\necho \"SUCCESS\" > \"${SCRIPT_OUTPUT_FILE_0}\"\n";
			showEnvVarsInLog = 0;
		};
/* End PBXShellScriptBuildPhase section */

/* Begin PBXSourcesBuildPhase section */
		6AFE3BF9253EDF3200B385AC /* Sources */ = {
			isa = PBXSourcesBuildPhase;
			buildActionMask = 2147483647;
			files = (
				6AD3ED6225519F9E00F8EF61 /* NetworkManager.swift in Sources */,
				6A89B9D2255473C9003E1027 /* ChildCoordinator.swift in Sources */,
				6AEB5545259CA8220044699D /* AlertView.swift in Sources */,
				6A7BB41A25A0B111009D7F51 /* NoteViewController.swift in Sources */,
				6A87E231258B35AC00896BD6 /* TagCategoryLayout.swift in Sources */,
				6A6825332548384700B19C9A /* LayoutGuideCompatible.swift in Sources */,
				6A6825222548053F00B19C9A /* TagManagementViewController.swift in Sources */,
				6A87E243258B596300896BD6 /* PhotoNotes.swift in Sources */,
				6A761E3D258A65F000E0E0F4 /* TagNetworkingManager.swift in Sources */,
				6AB83AE02542B4340065B698 /* Coordinator.swift in Sources */,
				6A7C056C255C022200037184 /* UICollectionView.swift in Sources */,
				6A89B9B725546463003E1027 /* SearchCoordinator.swift in Sources */,
				6A87E239258B594500896BD6 /* Tag.swift in Sources */,
				6AB83AF425442B370065B698 /* TagCoordinator.swift in Sources */,
				6AA9BD65254E93C200126749 /* LoginManager.swift in Sources */,
				6A682539254854E200B19C9A /* AppViewControllersFactory.swift in Sources */,
				6AEB5567259CB4B90044699D /* PhotoNoteViewController.swift in Sources */,
				6AD3ED6C2551A09900F8EF61 /* HTTPMethod.swift in Sources */,
				6A87E247258B5E2400896BD6 /* TagCategoryCellViewModel.swift in Sources */,
				6A89B9B225546444003E1027 /* PhotoNoteCoordinator.swift in Sources */,
				6AD3ED6725519FE900F8EF61 /* UseCase.swift in Sources */,
				6AFE3C05253EDF3200B385AC /* LoginViewController.swift in Sources */,
				6A554505255AE449003F3864 /* ContentViewWithHeader.swift in Sources */,
				6A68254425485DA300B19C9A /* LoginView.swift in Sources */,
				6A87E235258B534F00896BD6 /* TagCategoryViewModel.swift in Sources */,
				6A7C0571255C029E00037184 /* NSObject.swift in Sources */,
				6A7C054E255B93A000037184 /* TagManagementTableViewCell.swift in Sources */,
				6A87E25E258C7B4000896BD6 /* MockTags.swift in Sources */,
				6A4F23F72546EC8A00577718 /* PhotoNoteListViewController.swift in Sources */,
				6A5544DC2559B3BB003F3864 /* ContentView.swift in Sources */,
				6A0A216825AAC158009D56DE /* NoteNetworkingManager.swift in Sources */,
				6A63BA1A255C1ED40096A0F7 /* TagManagementTableViewDataSource.swift in Sources */,
				6A343C7B25735C7000146AAF /* Observable.swift in Sources */,
				6AEB554A259CB2640044699D /* PhotoNoteViewModel.swift in Sources */,
				6AAB872225849A1B00D1F3B1 /* NotificationName.swift in Sources */,
				6AA9BD6E254EA0ED00126749 /* Endpoint.swift in Sources */,
				6A343C8025735C8C00146AAF /* TagManagementCellViewModel.swift in Sources */,
				6A89B9BF25547088003E1027 /* SearchViewController.swift in Sources */,
				6A7C0585255C086200037184 /* UIView.swift in Sources */,
				6A87E252258B9B1A00896BD6 /* ImageLoadTaskManager.swift in Sources */,
				6A0A216C25AAC190009D56DE /* PhotoNote.swift in Sources */,
				6A5544FF255AD575003F3864 /* TagCategoryCollectionViewCell.swift in Sources */,
				6AB83AF925442C030065B698 /* TagCategoryViewController.swift in Sources */,
				6ACCADBD256E28BE00072290 /* Hashtags.swift in Sources */,
				6AD3ED712551A0B400F8EF61 /* NetworkError.swift in Sources */,
				6A7C0580255C081400037184 /* CGFloat.swift in Sources */,
				6A7C0576255C033300037184 /* UIImage.swift in Sources */,
				6A63BA1F255C1F450096A0F7 /* TagCategoryCollectionViewDataSource.swift in Sources */,
				6A976A2D256D6EE900B27915 /* TagManagementViewModel.swift in Sources */,
				6AAE726E2555997D00CF7F9F /* TagManagementView.swift in Sources */,
				6A63BA12255C0AD10096A0F7 /* UITableView.swift in Sources */,
				6AFE3C01253EDF3200B385AC /* AppDelegate.swift in Sources */,
				6A89B9E3255496F9003E1027 /* SelectPhotoViewController.swift in Sources */,
				6AAE725E2555988B00CF7F9F /* TagCategoryView.swift in Sources */,
				6A57CAEF255ED33600E42348 /* UsesAutoLayout.swift in Sources */,
				6A63BA2C255C2F210096A0F7 /* TagManagementTableViewDelegate.swift in Sources */,
				6A5544C925599CDF003F3864 /* UIColor.swift in Sources */,
				6A5544E42559B3CA003F3864 /* ScrollableContentViewWithHeader.swift in Sources */,
				6AEC28AE259223CC00D0634A /* URLComponents.swift in Sources */,
				6AE1245E256830A300291388 /* UISwipeGestureRecognizer.swift in Sources */,
				6A68255025497B7200B19C9A /* Shadow.swift in Sources */,
				6AFE3C0B253EDF3200B385AC /* PhotoTag.xcdatamodeld in Sources */,
				6A89B9F225549807003E1027 /* SelectPeriodViewController.swift in Sources */,
				6AD3ED5D25519F5700F8EF61 /* URLRequest.swift in Sources */,
				6A4F23EA2546E2AC00577718 /* AppCoordinator.swift in Sources */,
				6A5544F1255A75F4003F3864 /* PhotoNoteListView.swift in Sources */,
			);
			runOnlyForDeploymentPostprocessing = 0;
		};
		6AFE3C12253EDF3400B385AC /* Sources */ = {
			isa = PBXSourcesBuildPhase;
			buildActionMask = 2147483647;
			files = (
				6A4AD1B1258A5B0200857FEC /* LoginViewController.swift in Sources */,
				6A4AD1BC258A5B1700857FEC /* AppCoordinator.swift in Sources */,
				6A4AD165258A5A1D00857FEC /* NetworkError.swift in Sources */,
				6AEB5568259CB4B90044699D /* PhotoNoteViewController.swift in Sources */,
				6A4AD159258A5A0200857FEC /* Endpoint.swift in Sources */,
				6A4AD141258A59C200857FEC /* TagManagementTableViewDataSource.swift in Sources */,
				6A4AD1F8258A5B9200857FEC /* LoginManager.swift in Sources */,
				6A4AD1E8258A5B6600857FEC /* TagCategoryView.swift in Sources */,
				6AEC28BA259239B400D0634A /* ImageLoadTaskManager.swift in Sources */,
				6A4DB69E258A6F5100B3A481 /* TagNetworkingManager.swift in Sources */,
				6A4AD149258A59CA00857FEC /* TagCoordinator.swift in Sources */,
				6A4AD189258A5AD900857FEC /* UsesAutoLayout.swift in Sources */,
				6A4AD151258A59F900857FEC /* TagManagementTableViewCell.swift in Sources */,
				6A4AD1E0258A5B4500857FEC /* SearchCoordinator.swift in Sources */,
				6AEC28B42592398C00D0634A /* TagCategoryLayout.swift in Sources */,
				6A4AD1CC258A5B2C00857FEC /* SelectPhotoViewController.swift in Sources */,
				6A4AD1F4258A5B8A00857FEC /* TagManagementCellViewModel.swift in Sources */,
				6A4AD171258A5A6800857FEC /* LayoutGuideCompatible.swift in Sources */,
				6A4AD185258A5AD700857FEC /* UISwipeGestureRecognizer.swift in Sources */,
				6A4AD1A5258A5AEA00857FEC /* UICollectionView.swift in Sources */,
				6A87E25B258C773100896BD6 /* Tag.swift in Sources */,
				6A4AD1A9258A5AF300857FEC /* Coordinator.swift in Sources */,
				6AEC28B12592398500D0634A /* TagCategoryViewModel.swift in Sources */,
				6A4AD1AD258A5AF800857FEC /* AppViewControllersFactory.swift in Sources */,
				6A4AD139258A58C200857FEC /* TagManagementViewController.swift in Sources */,
				6A4AD1C4258A5B1E00857FEC /* PhotoNoteCoordinator.swift in Sources */,
				6A4AD179258A5AA100857FEC /* ChildCoordinator.swift in Sources */,
				6A4AD17D258A5ACF00857FEC /* NotificationName.swift in Sources */,
				6AEC28BD259239BA00D0634A /* URLComponents.swift in Sources */,
				6A4AD1C0258A5B1A00857FEC /* TagCategoryViewController.swift in Sources */,
				6A4AD1A1258A5AE700857FEC /* UITableView.swift in Sources */,
				6A4AD19D258A5AE400857FEC /* NSObject.swift in Sources */,
				6A4AD1C8258A5B2200857FEC /* PhotoNoteListViewController.swift in Sources */,
				6A4AD16D258A5A5300857FEC /* ContentView.swift in Sources */,
				6A4AD155258A59FF00857FEC /* UseCase.swift in Sources */,
				6AEC28B7259239AE00D0634A /* TagCategoryCellViewModel.swift in Sources */,
				6A4AD169258A5A2F00857FEC /* ContentViewWithHeader.swift in Sources */,
				6A4AD1EC258A5B7400857FEC /* TagCategoryCollectionViewCell.swift in Sources */,
				6A87E258258C768F00896BD6 /* MockTags.swift in Sources */,
				6A4AD175258A5A6D00857FEC /* Shadow.swift in Sources */,
				6A4AD181258A5AD400857FEC /* URLRequest.swift in Sources */,
				6A4AD1F0258A5B8600857FEC /* TagCategoryCollectionViewDataSource.swift in Sources */,
				6A4AD13D258A58D800857FEC /* Observable.swift in Sources */,
				6A4AD1B8258A5B0C00857FEC /* TagManagementViewModel.swift in Sources */,
				6AAB873E258A1F9B00D1F3B1 /* MockHashtags.swift in Sources */,
				6A4AD195258A5AE000857FEC /* CGFloat.swift in Sources */,
				6A4AD1D8258A5B3A00857FEC /* SearchViewController.swift in Sources */,
				6A4AD199258A5AE200857FEC /* UIImage.swift in Sources */,
				6AAB8742258A205000D1F3B1 /* Hashtags.swift in Sources */,
				6AFE3C1B253EDF3400B385AC /* PhotoTagTests.swift in Sources */,
				6A4AD1DC258A5B3E00857FEC /* SelectPeriodViewController.swift in Sources */,
				6A4AD18D258A5ADB00857FEC /* UIColor.swift in Sources */,
				6A4AD161258A5A1800857FEC /* HTTPMethod.swift in Sources */,
				6A4AD191258A5ADD00857FEC /* UIView.swift in Sources */,
				6A4AD1E4258A5B5000857FEC /* PhotoNoteListView.swift in Sources */,
				6A4AD15D258A5A1300857FEC /* NetworkManager.swift in Sources */,
				6A4AD1FC258A5B9800857FEC /* LoginView.swift in Sources */,
				6A4AD145258A59C600857FEC /* TagManagementTableViewDelegate.swift in Sources */,
				6A4AD14D258A59D100857FEC /* TagManagementView.swift in Sources */,
			);
			runOnlyForDeploymentPostprocessing = 0;
		};
/* End PBXSourcesBuildPhase section */

/* Begin PBXTargetDependency section */
		6AFE3C18253EDF3400B385AC /* PBXTargetDependency */ = {
			isa = PBXTargetDependency;
			target = 6AFE3BFC253EDF3200B385AC /* PhotoTag */;
			targetProxy = 6AFE3C17253EDF3400B385AC /* PBXContainerItemProxy */;
		};
/* End PBXTargetDependency section */

/* Begin PBXVariantGroup section */
		6AFE3C0E253EDF3300B385AC /* LaunchScreen.storyboard */ = {
			isa = PBXVariantGroup;
			children = (
				6AFE3C0F253EDF3300B385AC /* Base */,
			);
			name = LaunchScreen.storyboard;
			sourceTree = "<group>";
		};
/* End PBXVariantGroup section */

/* Begin XCBuildConfiguration section */
		6AFE3C28253EDF3400B385AC /* Debug */ = {
			isa = XCBuildConfiguration;
			buildSettings = {
				ALWAYS_SEARCH_USER_PATHS = NO;
				CLANG_ANALYZER_NONNULL = YES;
				CLANG_ANALYZER_NUMBER_OBJECT_CONVERSION = YES_AGGRESSIVE;
				CLANG_CXX_LANGUAGE_STANDARD = "gnu++14";
				CLANG_CXX_LIBRARY = "libc++";
				CLANG_ENABLE_MODULES = YES;
				CLANG_ENABLE_OBJC_ARC = YES;
				CLANG_ENABLE_OBJC_WEAK = YES;
				CLANG_WARN_BLOCK_CAPTURE_AUTORELEASING = YES;
				CLANG_WARN_BOOL_CONVERSION = YES;
				CLANG_WARN_COMMA = YES;
				CLANG_WARN_CONSTANT_CONVERSION = YES;
				CLANG_WARN_DEPRECATED_OBJC_IMPLEMENTATIONS = YES;
				CLANG_WARN_DIRECT_OBJC_ISA_USAGE = YES_ERROR;
				CLANG_WARN_DOCUMENTATION_COMMENTS = YES;
				CLANG_WARN_EMPTY_BODY = YES;
				CLANG_WARN_ENUM_CONVERSION = YES;
				CLANG_WARN_INFINITE_RECURSION = YES;
				CLANG_WARN_INT_CONVERSION = YES;
				CLANG_WARN_NON_LITERAL_NULL_CONVERSION = YES;
				CLANG_WARN_OBJC_IMPLICIT_RETAIN_SELF = YES;
				CLANG_WARN_OBJC_LITERAL_CONVERSION = YES;
				CLANG_WARN_OBJC_ROOT_CLASS = YES_ERROR;
				CLANG_WARN_QUOTED_INCLUDE_IN_FRAMEWORK_HEADER = YES;
				CLANG_WARN_RANGE_LOOP_ANALYSIS = YES;
				CLANG_WARN_STRICT_PROTOTYPES = YES;
				CLANG_WARN_SUSPICIOUS_MOVE = YES;
				CLANG_WARN_UNGUARDED_AVAILABILITY = YES_AGGRESSIVE;
				CLANG_WARN_UNREACHABLE_CODE = YES;
				CLANG_WARN__DUPLICATE_METHOD_MATCH = YES;
				COPY_PHASE_STRIP = NO;
				DEBUG_INFORMATION_FORMAT = dwarf;
				ENABLE_STRICT_OBJC_MSGSEND = YES;
				ENABLE_TESTABILITY = YES;
				GCC_C_LANGUAGE_STANDARD = gnu11;
				GCC_DYNAMIC_NO_PIC = NO;
				GCC_NO_COMMON_BLOCKS = YES;
				GCC_OPTIMIZATION_LEVEL = 0;
				GCC_PREPROCESSOR_DEFINITIONS = (
					"DEBUG=1",
					"$(inherited)",
				);
				GCC_WARN_64_TO_32_BIT_CONVERSION = YES;
				GCC_WARN_ABOUT_RETURN_TYPE = YES_ERROR;
				GCC_WARN_UNDECLARED_SELECTOR = YES;
				GCC_WARN_UNINITIALIZED_AUTOS = YES_AGGRESSIVE;
				GCC_WARN_UNUSED_FUNCTION = YES;
				GCC_WARN_UNUSED_VARIABLE = YES;
				IPHONEOS_DEPLOYMENT_TARGET = 13.5;
				MTL_ENABLE_DEBUG_INFO = INCLUDE_SOURCE;
				MTL_FAST_MATH = YES;
				ONLY_ACTIVE_ARCH = YES;
				SDKROOT = iphoneos;
				SWIFT_ACTIVE_COMPILATION_CONDITIONS = DEBUG;
				SWIFT_OPTIMIZATION_LEVEL = "-Onone";
			};
			name = Debug;
		};
		6AFE3C29253EDF3400B385AC /* Release */ = {
			isa = XCBuildConfiguration;
			buildSettings = {
				ALWAYS_SEARCH_USER_PATHS = NO;
				CLANG_ANALYZER_NONNULL = YES;
				CLANG_ANALYZER_NUMBER_OBJECT_CONVERSION = YES_AGGRESSIVE;
				CLANG_CXX_LANGUAGE_STANDARD = "gnu++14";
				CLANG_CXX_LIBRARY = "libc++";
				CLANG_ENABLE_MODULES = YES;
				CLANG_ENABLE_OBJC_ARC = YES;
				CLANG_ENABLE_OBJC_WEAK = YES;
				CLANG_WARN_BLOCK_CAPTURE_AUTORELEASING = YES;
				CLANG_WARN_BOOL_CONVERSION = YES;
				CLANG_WARN_COMMA = YES;
				CLANG_WARN_CONSTANT_CONVERSION = YES;
				CLANG_WARN_DEPRECATED_OBJC_IMPLEMENTATIONS = YES;
				CLANG_WARN_DIRECT_OBJC_ISA_USAGE = YES_ERROR;
				CLANG_WARN_DOCUMENTATION_COMMENTS = YES;
				CLANG_WARN_EMPTY_BODY = YES;
				CLANG_WARN_ENUM_CONVERSION = YES;
				CLANG_WARN_INFINITE_RECURSION = YES;
				CLANG_WARN_INT_CONVERSION = YES;
				CLANG_WARN_NON_LITERAL_NULL_CONVERSION = YES;
				CLANG_WARN_OBJC_IMPLICIT_RETAIN_SELF = YES;
				CLANG_WARN_OBJC_LITERAL_CONVERSION = YES;
				CLANG_WARN_OBJC_ROOT_CLASS = YES_ERROR;
				CLANG_WARN_QUOTED_INCLUDE_IN_FRAMEWORK_HEADER = YES;
				CLANG_WARN_RANGE_LOOP_ANALYSIS = YES;
				CLANG_WARN_STRICT_PROTOTYPES = YES;
				CLANG_WARN_SUSPICIOUS_MOVE = YES;
				CLANG_WARN_UNGUARDED_AVAILABILITY = YES_AGGRESSIVE;
				CLANG_WARN_UNREACHABLE_CODE = YES;
				CLANG_WARN__DUPLICATE_METHOD_MATCH = YES;
				COPY_PHASE_STRIP = NO;
				DEBUG_INFORMATION_FORMAT = "dwarf-with-dsym";
				ENABLE_NS_ASSERTIONS = NO;
				ENABLE_STRICT_OBJC_MSGSEND = YES;
				GCC_C_LANGUAGE_STANDARD = gnu11;
				GCC_NO_COMMON_BLOCKS = YES;
				GCC_WARN_64_TO_32_BIT_CONVERSION = YES;
				GCC_WARN_ABOUT_RETURN_TYPE = YES_ERROR;
				GCC_WARN_UNDECLARED_SELECTOR = YES;
				GCC_WARN_UNINITIALIZED_AUTOS = YES_AGGRESSIVE;
				GCC_WARN_UNUSED_FUNCTION = YES;
				GCC_WARN_UNUSED_VARIABLE = YES;
				IPHONEOS_DEPLOYMENT_TARGET = 13.5;
				MTL_ENABLE_DEBUG_INFO = NO;
				MTL_FAST_MATH = YES;
				SDKROOT = iphoneos;
				SWIFT_COMPILATION_MODE = wholemodule;
				SWIFT_OPTIMIZATION_LEVEL = "-O";
				VALIDATE_PRODUCT = YES;
			};
			name = Release;
		};
		6AFE3C2B253EDF3400B385AC /* Debug */ = {
			isa = XCBuildConfiguration;
			baseConfigurationReference = A369AE606C4CA3444E1B7280 /* Pods-PhotoTag.debug.xcconfig */;
			buildSettings = {
				ASSETCATALOG_COMPILER_APPICON_NAME = AppIcon;
				ASSETCATALOG_COMPILER_GLOBAL_ACCENT_COLOR_NAME = AccentColor;
				CODE_SIGN_ENTITLEMENTS = PhotoTag/PhotoTag.entitlements;
				CODE_SIGN_STYLE = Automatic;
				DEVELOPMENT_TEAM = B3PWYBKFUK;
				INFOPLIST_FILE = PhotoTag/Info.plist;
				IPHONEOS_DEPLOYMENT_TARGET = 13.5;
				LD_RUNPATH_SEARCH_PATHS = (
					"$(inherited)",
					"@executable_path/Frameworks",
				);
				PRODUCT_BUNDLE_IDENTIFIER = lena.SimLeeTag.PhotoTag;
				PRODUCT_NAME = "$(TARGET_NAME)";
				SWIFT_VERSION = 5.0;
				TARGETED_DEVICE_FAMILY = "1,2";
			};
			name = Debug;
		};
		6AFE3C2C253EDF3400B385AC /* Release */ = {
			isa = XCBuildConfiguration;
			baseConfigurationReference = 55C8346B7FC7025DA7D4F3EB /* Pods-PhotoTag.release.xcconfig */;
			buildSettings = {
				ASSETCATALOG_COMPILER_APPICON_NAME = AppIcon;
				ASSETCATALOG_COMPILER_GLOBAL_ACCENT_COLOR_NAME = AccentColor;
				CODE_SIGN_ENTITLEMENTS = PhotoTag/PhotoTagRelease.entitlements;
				CODE_SIGN_STYLE = Automatic;
				DEVELOPMENT_TEAM = B3PWYBKFUK;
				INFOPLIST_FILE = PhotoTag/Info.plist;
				IPHONEOS_DEPLOYMENT_TARGET = 13.5;
				LD_RUNPATH_SEARCH_PATHS = (
					"$(inherited)",
					"@executable_path/Frameworks",
				);
				PRODUCT_BUNDLE_IDENTIFIER = lena.SimLeeTag.PhotoTag;
				PRODUCT_NAME = "$(TARGET_NAME)";
				SWIFT_VERSION = 5.0;
				TARGETED_DEVICE_FAMILY = "1,2";
			};
			name = Release;
		};
		6AFE3C2E253EDF3400B385AC /* Debug */ = {
			isa = XCBuildConfiguration;
			baseConfigurationReference = C046F4BF7EB58070BF90C37F /* Pods-PhotoTagTests.debug.xcconfig */;
			buildSettings = {
				ALWAYS_EMBED_SWIFT_STANDARD_LIBRARIES = YES;
				BUNDLE_LOADER = "$(TEST_HOST)";
				CODE_SIGN_STYLE = Automatic;
				DEVELOPMENT_TEAM = 93A6S4WHC4;
				INFOPLIST_FILE = PhotoTagTests/Info.plist;
				IPHONEOS_DEPLOYMENT_TARGET = 13.5;
				LD_RUNPATH_SEARCH_PATHS = (
					"$(inherited)",
					"@executable_path/Frameworks",
					"@loader_path/Frameworks",
				);
				PRODUCT_BUNDLE_IDENTIFIER = lena.SampleApp.PhotoTagTests;
				PRODUCT_NAME = "$(TARGET_NAME)";
				SWIFT_VERSION = 5.0;
				TARGETED_DEVICE_FAMILY = "1,2";
				TEST_HOST = "$(BUILT_PRODUCTS_DIR)/PhotoTag.app/PhotoTag";
			};
			name = Debug;
		};
		6AFE3C2F253EDF3400B385AC /* Release */ = {
			isa = XCBuildConfiguration;
			baseConfigurationReference = 4748E784DBC15642B3BBD5BE /* Pods-PhotoTagTests.release.xcconfig */;
			buildSettings = {
				ALWAYS_EMBED_SWIFT_STANDARD_LIBRARIES = YES;
				BUNDLE_LOADER = "$(TEST_HOST)";
				CODE_SIGN_STYLE = Automatic;
				DEVELOPMENT_TEAM = 93A6S4WHC4;
				INFOPLIST_FILE = PhotoTagTests/Info.plist;
				IPHONEOS_DEPLOYMENT_TARGET = 13.5;
				LD_RUNPATH_SEARCH_PATHS = (
					"$(inherited)",
					"@executable_path/Frameworks",
					"@loader_path/Frameworks",
				);
				PRODUCT_BUNDLE_IDENTIFIER = lena.SampleApp.PhotoTagTests;
				PRODUCT_NAME = "$(TARGET_NAME)";
				SWIFT_VERSION = 5.0;
				TARGETED_DEVICE_FAMILY = "1,2";
				TEST_HOST = "$(BUILT_PRODUCTS_DIR)/PhotoTag.app/PhotoTag";
			};
			name = Release;
		};
/* End XCBuildConfiguration section */

/* Begin XCConfigurationList section */
		6AFE3BF8253EDF3200B385AC /* Build configuration list for PBXProject "PhotoTag" */ = {
			isa = XCConfigurationList;
			buildConfigurations = (
				6AFE3C28253EDF3400B385AC /* Debug */,
				6AFE3C29253EDF3400B385AC /* Release */,
			);
			defaultConfigurationIsVisible = 0;
			defaultConfigurationName = Release;
		};
		6AFE3C2A253EDF3400B385AC /* Build configuration list for PBXNativeTarget "PhotoTag" */ = {
			isa = XCConfigurationList;
			buildConfigurations = (
				6AFE3C2B253EDF3400B385AC /* Debug */,
				6AFE3C2C253EDF3400B385AC /* Release */,
			);
			defaultConfigurationIsVisible = 0;
			defaultConfigurationName = Release;
		};
		6AFE3C2D253EDF3400B385AC /* Build configuration list for PBXNativeTarget "PhotoTagTests" */ = {
			isa = XCConfigurationList;
			buildConfigurations = (
				6AFE3C2E253EDF3400B385AC /* Debug */,
				6AFE3C2F253EDF3400B385AC /* Release */,
			);
			defaultConfigurationIsVisible = 0;
			defaultConfigurationName = Release;
		};
/* End XCConfigurationList section */

/* Begin XCVersionGroup section */
		6AFE3C09253EDF3200B385AC /* PhotoTag.xcdatamodeld */ = {
			isa = XCVersionGroup;
			children = (
				6AFE3C0A253EDF3200B385AC /* PhotoTag.xcdatamodel */,
			);
			currentVersion = 6AFE3C0A253EDF3200B385AC /* PhotoTag.xcdatamodel */;
			path = PhotoTag.xcdatamodeld;
			sourceTree = "<group>";
			versionGroupType = wrapper.xcdatamodel;
		};
/* End XCVersionGroup section */
	};
	rootObject = 6AFE3BF5253EDF3200B385AC /* Project object */;
}
